// !$*UTF8*$!
{
	archiveVersion = 1;
	classes = {
	};
	objectVersion = 46;
	objects = {

/* Begin PBXBuildFile section */
		07E8CFD9FE03F5B8D04D6065 /* Pods_Instagram.framework in Frameworks */ = {isa = PBXBuildFile; fileRef = EA9380C7FB31FE561B06636D /* Pods_Instagram.framework */; };
		9306001A1EEC8DC2008DB7BC /* UserFB.swift in Sources */ = {isa = PBXBuildFile; fileRef = 930600191EEC8DC2008DB7BC /* UserFB.swift */; };
		9319AD8B1EEC8612006F28D7 /* RegistrationFB.swift in Sources */ = {isa = PBXBuildFile; fileRef = 9319AD8A1EEC8612006F28D7 /* RegistrationFB.swift */; };
		932F438B1EDEA0B90027452F /* AppDelegate.swift in Sources */ = {isa = PBXBuildFile; fileRef = 932F438A1EDEA0B90027452F /* AppDelegate.swift */; };
		932F438D1EDEA0B90027452F /* ViewController.swift in Sources */ = {isa = PBXBuildFile; fileRef = 932F438C1EDEA0B90027452F /* ViewController.swift */; };
		932F43901EDEA0B90027452F /* Main.storyboard in Resources */ = {isa = PBXBuildFile; fileRef = 932F438E1EDEA0B90027452F /* Main.storyboard */; };
		932F43921EDEA0B90027452F /* Assets.xcassets in Resources */ = {isa = PBXBuildFile; fileRef = 932F43911EDEA0B90027452F /* Assets.xcassets */; };
		932F43951EDEA0B90027452F /* LaunchScreen.storyboard in Resources */ = {isa = PBXBuildFile; fileRef = 932F43931EDEA0B90027452F /* LaunchScreen.storyboard */; };
		932F43A01EDEA1C10027452F /* Billabong.ttf in Resources */ = {isa = PBXBuildFile; fileRef = 932F439F1EDEA1B80027452F /* Billabong.ttf */; };
		932F43A51EDEB8960027452F /* IstagramTableViewCell.swift in Sources */ = {isa = PBXBuildFile; fileRef = 932F43A41EDEB8960027452F /* IstagramTableViewCell.swift */; };
		932F43AC1EDEBB260027452F /* UserInfo.swift in Sources */ = {isa = PBXBuildFile; fileRef = 932F43AB1EDEBB260027452F /* UserInfo.swift */; };
		9334D1A31EE33232003B78C7 /* RegistrationVC.swift in Sources */ = {isa = PBXBuildFile; fileRef = 9334D1A21EE33232003B78C7 /* RegistrationVC.swift */; };
		933DACA71EFA441C00963AC2 /* TopBarView.xib in Resources */ = {isa = PBXBuildFile; fileRef = 933DACA61EFA441C00963AC2 /* TopBarView.xib */; };
		933DACA91EFA48D200963AC2 /* TopBarView.swift in Sources */ = {isa = PBXBuildFile; fileRef = 933DACA81EFA48D200963AC2 /* TopBarView.swift */; };
		933E2C0A1EF8106700798B65 /* IstagramCollectionViewCell.swift in Sources */ = {isa = PBXBuildFile; fileRef = 933E2C091EF8106700798B65 /* IstagramCollectionViewCell.swift */; };
		9356C4BB1EE1DA1900F7D34D /* LogInVC.swift in Sources */ = {isa = PBXBuildFile; fileRef = 9356C4BA1EE1DA1900F7D34D /* LogInVC.swift */; };
		935A07AD1EEA8D15001E6062 /* CameraVC.swift in Sources */ = {isa = PBXBuildFile; fileRef = 935A07AC1EEA8D15001E6062 /* CameraVC.swift */; };
		936279D51EFBB8F900FDFE35 /* UserImage.plist in Resources */ = {isa = PBXBuildFile; fileRef = 936279D41EFBB8F900FDFE35 /* UserImage.plist */; };
		936279D71EFBDB4600FDFE35 /* UserImage.swift in Sources */ = {isa = PBXBuildFile; fileRef = 936279D61EFBDB4600FDFE35 /* UserImage.swift */; };
		936279D91EFBE1F100FDFE35 /* PhotoCollViewCell.swift in Sources */ = {isa = PBXBuildFile; fileRef = 936279D81EFBE1F100FDFE35 /* PhotoCollViewCell.swift */; };
		937FE2FE1EE324C70060EFFE /* TabBarController.swift in Sources */ = {isa = PBXBuildFile; fileRef = 937FE2FD1EE324C70060EFFE /* TabBarController.swift */; };
		9398771B1EF27D6C000BBB32 /* SettingsVC.swift in Sources */ = {isa = PBXBuildFile; fileRef = 9398771A1EF27D6C000BBB32 /* SettingsVC.swift */; };
		93AEE5F51EF816F2006EB920 /* Constant.swift in Sources */ = {isa = PBXBuildFile; fileRef = 93AEE5F41EF816F2006EB920 /* Constant.swift */; };
		93AEE5F71EF8170A006EB920 /* HttpWorker.swift in Sources */ = {isa = PBXBuildFile; fileRef = 93AEE5F61EF8170A006EB920 /* HttpWorker.swift */; };
/* End PBXBuildFile section */

/* Begin PBXFileReference section */
		632DE71BBFF988EBDE01BDF1 /* Pods-Instagram.debug.xcconfig */ = {isa = PBXFileReference; includeInIndex = 1; lastKnownFileType = text.xcconfig; name = "Pods-Instagram.debug.xcconfig"; path = "Pods/Target Support Files/Pods-Instagram/Pods-Instagram.debug.xcconfig"; sourceTree = "<group>"; };
		930600191EEC8DC2008DB7BC /* UserFB.swift */ = {isa = PBXFileReference; fileEncoding = 4; lastKnownFileType = sourcecode.swift; path = UserFB.swift; sourceTree = "<group>"; };
		9319AD8A1EEC8612006F28D7 /* RegistrationFB.swift */ = {isa = PBXFileReference; fileEncoding = 4; lastKnownFileType = sourcecode.swift; path = RegistrationFB.swift; sourceTree = "<group>"; };
		932F43871EDEA0B90027452F /* Instagram.app */ = {isa = PBXFileReference; explicitFileType = wrapper.application; includeInIndex = 0; path = Instagram.app; sourceTree = BUILT_PRODUCTS_DIR; };
		932F438A1EDEA0B90027452F /* AppDelegate.swift */ = {isa = PBXFileReference; lastKnownFileType = sourcecode.swift; path = AppDelegate.swift; sourceTree = "<group>"; };
		932F438C1EDEA0B90027452F /* ViewController.swift */ = {isa = PBXFileReference; lastKnownFileType = sourcecode.swift; path = ViewController.swift; sourceTree = "<group>"; };
		932F438F1EDEA0B90027452F /* Base */ = {isa = PBXFileReference; lastKnownFileType = file.storyboard; name = Base; path = Base.lproj/Main.storyboard; sourceTree = "<group>"; };
		932F43911EDEA0B90027452F /* Assets.xcassets */ = {isa = PBXFileReference; lastKnownFileType = folder.assetcatalog; path = Assets.xcassets; sourceTree = "<group>"; };
		932F43941EDEA0B90027452F /* Base */ = {isa = PBXFileReference; lastKnownFileType = file.storyboard; name = Base; path = Base.lproj/LaunchScreen.storyboard; sourceTree = "<group>"; };
		932F43961EDEA0B90027452F /* Info.plist */ = {isa = PBXFileReference; lastKnownFileType = text.plist.xml; path = Info.plist; sourceTree = "<group>"; };
		932F439F1EDEA1B80027452F /* Billabong.ttf */ = {isa = PBXFileReference; lastKnownFileType = file; path = Billabong.ttf; sourceTree = "<group>"; };
		932F43A41EDEB8960027452F /* IstagramTableViewCell.swift */ = {isa = PBXFileReference; fileEncoding = 4; lastKnownFileType = sourcecode.swift; path = IstagramTableViewCell.swift; sourceTree = "<group>"; };
		932F43AB1EDEBB260027452F /* UserInfo.swift */ = {isa = PBXFileReference; fileEncoding = 4; lastKnownFileType = sourcecode.swift; path = UserInfo.swift; sourceTree = "<group>"; };
		9334D1A21EE33232003B78C7 /* RegistrationVC.swift */ = {isa = PBXFileReference; fileEncoding = 4; lastKnownFileType = sourcecode.swift; path = RegistrationVC.swift; sourceTree = "<group>"; };
		933DACA61EFA441C00963AC2 /* TopBarView.xib */ = {isa = PBXFileReference; fileEncoding = 4; lastKnownFileType = file.xib; path = TopBarView.xib; sourceTree = "<group>"; };
		933DACA81EFA48D200963AC2 /* TopBarView.swift */ = {isa = PBXFileReference; fileEncoding = 4; lastKnownFileType = sourcecode.swift; path = TopBarView.swift; sourceTree = "<group>"; };
		933E2C091EF8106700798B65 /* IstagramCollectionViewCell.swift */ = {isa = PBXFileReference; fileEncoding = 4; lastKnownFileType = sourcecode.swift; path = IstagramCollectionViewCell.swift; sourceTree = "<group>"; };
		9356C4BA1EE1DA1900F7D34D /* LogInVC.swift */ = {isa = PBXFileReference; fileEncoding = 4; lastKnownFileType = sourcecode.swift; path = LogInVC.swift; sourceTree = "<group>"; };
		935A07AC1EEA8D15001E6062 /* CameraVC.swift */ = {isa = PBXFileReference; fileEncoding = 4; lastKnownFileType = sourcecode.swift; path = CameraVC.swift; sourceTree = "<group>"; };
		936279D41EFBB8F900FDFE35 /* UserImage.plist */ = {isa = PBXFileReference; fileEncoding = 4; lastKnownFileType = text.plist.xml; path = UserImage.plist; sourceTree = "<group>"; };
		936279D61EFBDB4600FDFE35 /* UserImage.swift */ = {isa = PBXFileReference; fileEncoding = 4; lastKnownFileType = sourcecode.swift; path = UserImage.swift; sourceTree = "<group>"; };
		936279D81EFBE1F100FDFE35 /* PhotoCollViewCell.swift */ = {isa = PBXFileReference; fileEncoding = 4; lastKnownFileType = sourcecode.swift; name = PhotoCollViewCell.swift; path = ../PhotoCollViewCell.swift; sourceTree = "<group>"; };
		937FE2FD1EE324C70060EFFE /* TabBarController.swift */ = {isa = PBXFileReference; fileEncoding = 4; lastKnownFileType = sourcecode.swift; path = TabBarController.swift; sourceTree = "<group>"; };
		9398771A1EF27D6C000BBB32 /* SettingsVC.swift */ = {isa = PBXFileReference; fileEncoding = 4; lastKnownFileType = sourcecode.swift; path = SettingsVC.swift; sourceTree = "<group>"; };
		93AEE5F41EF816F2006EB920 /* Constant.swift */ = {isa = PBXFileReference; fileEncoding = 4; lastKnownFileType = sourcecode.swift; path = Constant.swift; sourceTree = "<group>"; };
		93AEE5F61EF8170A006EB920 /* HttpWorker.swift */ = {isa = PBXFileReference; fileEncoding = 4; lastKnownFileType = sourcecode.swift; path = HttpWorker.swift; sourceTree = "<group>"; };
		DD30D30E2C02A5B0188C630D /* Pods-Instagram.release.xcconfig */ = {isa = PBXFileReference; includeInIndex = 1; lastKnownFileType = text.xcconfig; name = "Pods-Instagram.release.xcconfig"; path = "Pods/Target Support Files/Pods-Instagram/Pods-Instagram.release.xcconfig"; sourceTree = "<group>"; };
		EA9380C7FB31FE561B06636D /* Pods_Instagram.framework */ = {isa = PBXFileReference; explicitFileType = wrapper.framework; includeInIndex = 0; path = Pods_Instagram.framework; sourceTree = BUILT_PRODUCTS_DIR; };
/* End PBXFileReference section */

/* Begin PBXFrameworksBuildPhase section */
		932F43841EDEA0B90027452F /* Frameworks */ = {
			isa = PBXFrameworksBuildPhase;
			buildActionMask = 2147483647;
			files = (
				07E8CFD9FE03F5B8D04D6065 /* Pods_Instagram.framework in Frameworks */,
			);
			runOnlyForDeploymentPostprocessing = 0;
		};
/* End PBXFrameworksBuildPhase section */

/* Begin PBXGroup section */
		6319AE6139F70A925609A64D /* Frameworks */ = {
			isa = PBXGroup;
			children = (
				EA9380C7FB31FE561B06636D /* Pods_Instagram.framework */,
			);
			name = Frameworks;
			sourceTree = "<group>";
		};
		77DD89F12933142323D1ED5B /* Pods */ = {
			isa = PBXGroup;
			children = (
				632DE71BBFF988EBDE01BDF1 /* Pods-Instagram.debug.xcconfig */,
				DD30D30E2C02A5B0188C630D /* Pods-Instagram.release.xcconfig */,
			);
			name = Pods;
			sourceTree = "<group>";
		};
		932F437E1EDEA0B90027452F = {
			isa = PBXGroup;
			children = (
				932F43891EDEA0B90027452F /* Instagram */,
				932F43881EDEA0B90027452F /* Products */,
				77DD89F12933142323D1ED5B /* Pods */,
				6319AE6139F70A925609A64D /* Frameworks */,
			);
			sourceTree = "<group>";
		};
		932F43881EDEA0B90027452F /* Products */ = {
			isa = PBXGroup;
			children = (
				932F43871EDEA0B90027452F /* Instagram.app */,
			);
			name = Products;
			sourceTree = "<group>";
		};
		932F43891EDEA0B90027452F /* Instagram */ = {
			isa = PBXGroup;
			children = (
				932F438A1EDEA0B90027452F /* AppDelegate.swift */,
				933E2C0D1EF815C400798B65 /* Core */,
				933E2C101EF8162000798B65 /* HttpWorker */,
				932F43A31EDEB80A0027452F /* Controller */,
				932F43A81EDEBA650027452F /* Model */,
				932F43A21EDEB7F90027452F /* View */,
				932F439C1EDEA14D0027452F /* Resource */,
				932F43961EDEA0B90027452F /* Info.plist */,
			);
			path = Instagram;
			sourceTree = "<group>";
		};
		932F439C1EDEA14D0027452F /* Resource */ = {
			isa = PBXGroup;
			children = (
				936279D41EFBB8F900FDFE35 /* UserImage.plist */,
				932F43A11EDEA1C60027452F /* Fonts */,
				932F439E1EDEA19F0027452F /* ImageRecource */,
			);
			path = Resource;
			sourceTree = "<group>";
		};
		932F439E1EDEA19F0027452F /* ImageRecource */ = {
			isa = PBXGroup;
			children = (
				932F43911EDEA0B90027452F /* Assets.xcassets */,
			);
			path = ImageRecource;
			sourceTree = "<group>";
		};
		932F43A11EDEA1C60027452F /* Fonts */ = {
			isa = PBXGroup;
			children = (
				932F439F1EDEA1B80027452F /* Billabong.ttf */,
			);
			path = Fonts;
			sourceTree = "<group>";
		};
		932F43A21EDEB7F90027452F /* View */ = {
			isa = PBXGroup;
			children = (
				932F43931EDEA0B90027452F /* LaunchScreen.storyboard */,
				932F438E1EDEA0B90027452F /* Main.storyboard */,
				933DACA61EFA441C00963AC2 /* TopBarView.xib */,
			);
			path = View;
			sourceTree = "<group>";
		};
		932F43A31EDEB80A0027452F /* Controller */ = {
			isa = PBXGroup;
			children = (
				932F438C1EDEA0B90027452F /* ViewController.swift */,
				937FE2FD1EE324C70060EFFE /* TabBarController.swift */,
				932F43A41EDEB8960027452F /* IstagramTableViewCell.swift */,
				933E2C091EF8106700798B65 /* IstagramCollectionViewCell.swift */,
				93FB10B21EF277C600E05029 /* MaiScreen */,
				93FB10B31EF277F400E05029 /* RegistrationVCOld */,
				939877181EF27928000BBB32 /* Camera */,
				939877191EF27951000BBB32 /* Settings */,
			);
			path = Controller;
			sourceTree = "<group>";
		};
		932F43A81EDEBA650027452F /* Model */ = {
			isa = PBXGroup;
			children = (
				932F43AB1EDEBB260027452F /* UserInfo.swift */,
				930600191EEC8DC2008DB7BC /* UserFB.swift */,
				936279D61EFBDB4600FDFE35 /* UserImage.swift */,
			);
			path = Model;
			sourceTree = "<group>";
		};
		933E2C0D1EF815C400798B65 /* Core */ = {
			isa = PBXGroup;
			children = (
				93AEE5F41EF816F2006EB920 /* Constant.swift */,
			);
			path = Core;
			sourceTree = "<group>";
		};
		933E2C101EF8162000798B65 /* HttpWorker */ = {
			isa = PBXGroup;
			children = (
				93AEE5F61EF8170A006EB920 /* HttpWorker.swift */,
			);
			path = HttpWorker;
			sourceTree = "<group>";
		};
		939877181EF27928000BBB32 /* Camera */ = {
			isa = PBXGroup;
			children = (
				935A07AC1EEA8D15001E6062 /* CameraVC.swift */,
			);
			path = Camera;
			sourceTree = "<group>";
		};
		939877191EF27951000BBB32 /* Settings */ = {
			isa = PBXGroup;
			children = (
				936279D81EFBE1F100FDFE35 /* PhotoCollViewCell.swift */,
				9398771A1EF27D6C000BBB32 /* SettingsVC.swift */,
				933DACA81EFA48D200963AC2 /* TopBarView.swift */,
			);
			path = Settings;
			sourceTree = "<group>";
		};
		93FB10B21EF277C600E05029 /* MaiScreen */ = {
			isa = PBXGroup;
			children = (
				9319AD8A1EEC8612006F28D7 /* RegistrationFB.swift */,
			);
			name = MaiScreen;
			path = MainScreen;
			sourceTree = "<group>";
		};
		93FB10B31EF277F400E05029 /* RegistrationVCOld */ = {
			isa = PBXGroup;
			children = (
				9356C4BA1EE1DA1900F7D34D /* LogInVC.swift */,
				9334D1A21EE33232003B78C7 /* RegistrationVC.swift */,
			);
			path = RegistrationVCOld;
			sourceTree = "<group>";
		};
/* End PBXGroup section */

/* Begin PBXNativeTarget section */
		932F43861EDEA0B90027452F /* Instagram */ = {
			isa = PBXNativeTarget;
			buildConfigurationList = 932F43991EDEA0B90027452F /* Build configuration list for PBXNativeTarget "Instagram" */;
			buildPhases = (
				A41D43C7E0367D01193FD17B /* [CP] Check Pods Manifest.lock */,
				932F43831EDEA0B90027452F /* Sources */,
				932F43841EDEA0B90027452F /* Frameworks */,
				932F43851EDEA0B90027452F /* Resources */,
				242C03430EEDAFCFE3F2D8A0 /* [CP] Embed Pods Frameworks */,
				3698EFCF5FB9E988B8C270F8 /* [CP] Copy Pods Resources */,
			);
			buildRules = (
			);
			dependencies = (
			);
			name = Instagram;
			productName = Instagram;
			productReference = 932F43871EDEA0B90027452F /* Instagram.app */;
			productType = "com.apple.product-type.application";
		};
/* End PBXNativeTarget section */

/* Begin PBXProject section */
		932F437F1EDEA0B90027452F /* Project object */ = {
			isa = PBXProject;
			attributes = {
				LastSwiftUpdateCheck = 0830;
				LastUpgradeCheck = 0830;
				ORGANIZATIONNAME = Lemondo;
				TargetAttributes = {
					932F43861EDEA0B90027452F = {
						CreatedOnToolsVersion = 8.3.2;
						DevelopmentTeam = JB6463FDRF;
						ProvisioningStyle = Automatic;
					};
				};
			};
			buildConfigurationList = 932F43821EDEA0B90027452F /* Build configuration list for PBXProject "Instagram" */;
			compatibilityVersion = "Xcode 3.2";
			developmentRegion = English;
			hasScannedForEncodings = 0;
			knownRegions = (
				en,
				Base,
			);
			mainGroup = 932F437E1EDEA0B90027452F;
			productRefGroup = 932F43881EDEA0B90027452F /* Products */;
			projectDirPath = "";
			projectRoot = "";
			targets = (
				932F43861EDEA0B90027452F /* Instagram */,
			);
		};
/* End PBXProject section */

/* Begin PBXResourcesBuildPhase section */
		932F43851EDEA0B90027452F /* Resources */ = {
			isa = PBXResourcesBuildPhase;
			buildActionMask = 2147483647;
			files = (
				936279D51EFBB8F900FDFE35 /* UserImage.plist in Resources */,
				932F43951EDEA0B90027452F /* LaunchScreen.storyboard in Resources */,
				933DACA71EFA441C00963AC2 /* TopBarView.xib in Resources */,
				932F43921EDEA0B90027452F /* Assets.xcassets in Resources */,
				932F43901EDEA0B90027452F /* Main.storyboard in Resources */,
				932F43A01EDEA1C10027452F /* Billabong.ttf in Resources */,
			);
			runOnlyForDeploymentPostprocessing = 0;
		};
/* End PBXResourcesBuildPhase section */

/* Begin PBXShellScriptBuildPhase section */
		242C03430EEDAFCFE3F2D8A0 /* [CP] Embed Pods Frameworks */ = {
			isa = PBXShellScriptBuildPhase;
			buildActionMask = 2147483647;
			files = (
			);
			inputPaths = (
			);
			name = "[CP] Embed Pods Frameworks";
			outputPaths = (
			);
			runOnlyForDeploymentPostprocessing = 0;
			shellPath = /bin/sh;
			shellScript = "\"${SRCROOT}/Pods/Target Support Files/Pods-Instagram/Pods-Instagram-frameworks.sh\"\n";
			showEnvVarsInLog = 0;
		};
		3698EFCF5FB9E988B8C270F8 /* [CP] Copy Pods Resources */ = {
			isa = PBXShellScriptBuildPhase;
			buildActionMask = 2147483647;
			files = (
			);
			inputPaths = (
			);
			name = "[CP] Copy Pods Resources";
			outputPaths = (
			);
			runOnlyForDeploymentPostprocessing = 0;
			shellPath = /bin/sh;
			shellScript = "\"${SRCROOT}/Pods/Target Support Files/Pods-Instagram/Pods-Instagram-resources.sh\"\n";
			showEnvVarsInLog = 0;
		};
		A41D43C7E0367D01193FD17B /* [CP] Check Pods Manifest.lock */ = {
			isa = PBXShellScriptBuildPhase;
			buildActionMask = 2147483647;
			files = (
			);
			inputPaths = (
			);
			name = "[CP] Check Pods Manifest.lock";
			outputPaths = (
			);
			runOnlyForDeploymentPostprocessing = 0;
			shellPath = /bin/sh;
			shellScript = "diff \"${PODS_ROOT}/../Podfile.lock\" \"${PODS_ROOT}/Manifest.lock\" > /dev/null\nif [ $? != 0 ] ; then\n    # print error to STDERR\n    echo \"error: The sandbox is not in sync with the Podfile.lock. Run 'pod install' or update your CocoaPods installation.\" >&2\n    exit 1\nfi\n";
			showEnvVarsInLog = 0;
		};
/* End PBXShellScriptBuildPhase section */

/* Begin PBXSourcesBuildPhase section */
		932F43831EDEA0B90027452F /* Sources */ = {
			isa = PBXSourcesBuildPhase;
			buildActionMask = 2147483647;
			files = (
				936279D91EFBE1F100FDFE35 /* PhotoCollViewCell.swift in Sources */,
				933E2C0A1EF8106700798B65 /* IstagramCollectionViewCell.swift in Sources */,
				9398771B1EF27D6C000BBB32 /* SettingsVC.swift in Sources */,
				9306001A1EEC8DC2008DB7BC /* UserFB.swift in Sources */,
				93AEE5F71EF8170A006EB920 /* HttpWorker.swift in Sources */,
				932F43AC1EDEBB260027452F /* UserInfo.swift in Sources */,
				932F43A51EDEB8960027452F /* IstagramTableViewCell.swift in Sources */,
				932F438D1EDEA0B90027452F /* ViewController.swift in Sources */,
				93AEE5F51EF816F2006EB920 /* Constant.swift in Sources */,
				935A07AD1EEA8D15001E6062 /* CameraVC.swift in Sources */,
				937FE2FE1EE324C70060EFFE /* TabBarController.swift in Sources */,
				933DACA91EFA48D200963AC2 /* TopBarView.swift in Sources */,
				9356C4BB1EE1DA1900F7D34D /* LogInVC.swift in Sources */,
				936279D71EFBDB4600FDFE35 /* UserImage.swift in Sources */,
				9319AD8B1EEC8612006F28D7 /* RegistrationFB.swift in Sources */,
				9334D1A31EE33232003B78C7 /* RegistrationVC.swift in Sources */,
				932F438B1EDEA0B90027452F /* AppDelegate.swift in Sources */,
			);
			runOnlyForDeploymentPostprocessing = 0;
		};
/* End PBXSourcesBuildPhase section */

/* Begin PBXVariantGroup section */
		932F438E1EDEA0B90027452F /* Main.storyboard */ = {
			isa = PBXVariantGroup;
			children = (
				932F438F1EDEA0B90027452F /* Base */,
			);
			name = Main.storyboard;
			sourceTree = "<group>";
		};
		932F43931EDEA0B90027452F /* LaunchScreen.storyboard */ = {
			isa = PBXVariantGroup;
			children = (
				932F43941EDEA0B90027452F /* Base */,
			);
			name = LaunchScreen.storyboard;
			sourceTree = "<group>";
		};
/* End PBXVariantGroup section */

/* Begin XCBuildConfiguration section */
		932F43971EDEA0B90027452F /* Debug */ = {
			isa = XCBuildConfiguration;
			buildSettings = {
				ALWAYS_SEARCH_USER_PATHS = NO;
				CLANG_ANALYZER_NONNULL = YES;
				CLANG_ANALYZER_NUMBER_OBJECT_CONVERSION = YES_AGGRESSIVE;
				CLANG_CXX_LANGUAGE_STANDARD = "gnu++0x";
				CLANG_CXX_LIBRARY = "libc++";
				CLANG_ENABLE_MODULES = YES;
				CLANG_ENABLE_OBJC_ARC = YES;
				CLANG_WARN_BOOL_CONVERSION = YES;
				CLANG_WARN_CONSTANT_CONVERSION = YES;
				CLANG_WARN_DIRECT_OBJC_ISA_USAGE = YES_ERROR;
				CLANG_WARN_DOCUMENTATION_COMMENTS = YES;
				CLANG_WARN_EMPTY_BODY = YES;
				CLANG_WARN_ENUM_CONVERSION = YES;
				CLANG_WARN_INFINITE_RECURSION = YES;
				CLANG_WARN_INT_CONVERSION = YES;
				CLANG_WARN_OBJC_ROOT_CLASS = YES_ERROR;
				CLANG_WARN_SUSPICIOUS_MOVE = YES;
				CLANG_WARN_UNREACHABLE_CODE = YES;
				CLANG_WARN__DUPLICATE_METHOD_MATCH = YES;
				"CODE_SIGN_IDENTITY[sdk=iphoneos*]" = "iPhone Developer";
				COPY_PHASE_STRIP = NO;
				DEBUG_INFORMATION_FORMAT = dwarf;
				ENABLE_STRICT_OBJC_MSGSEND = YES;
				ENABLE_TESTABILITY = YES;
				GCC_C_LANGUAGE_STANDARD = gnu99;
				GCC_DYNAMIC_NO_PIC = NO;
				GCC_NO_COMMON_BLOCKS = YES;
				GCC_OPTIMIZATION_LEVEL = 0;
				GCC_PREPROCESSOR_DEFINITIONS = (
					"DEBUG=1",
					"$(inherited)",
				);
				GCC_WARN_64_TO_32_BIT_CONVERSION = YES;
				GCC_WARN_ABOUT_RETURN_TYPE = YES_ERROR;
				GCC_WARN_UNDECLARED_SELECTOR = YES;
				GCC_WARN_UNINITIALIZED_AUTOS = YES_AGGRESSIVE;
				GCC_WARN_UNUSED_FUNCTION = YES;
				GCC_WARN_UNUSED_VARIABLE = YES;
				IPHONEOS_DEPLOYMENT_TARGET = 10.3;
				MTL_ENABLE_DEBUG_INFO = YES;
				ONLY_ACTIVE_ARCH = YES;
				SDKROOT = iphoneos;
				SWIFT_ACTIVE_COMPILATION_CONDITIONS = DEBUG;
				SWIFT_OPTIMIZATION_LEVEL = "-Onone";
			};
			name = Debug;
		};
		932F43981EDEA0B90027452F /* Release */ = {
			isa = XCBuildConfiguration;
			buildSettings = {
				ALWAYS_SEARCH_USER_PATHS = NO;
				CLANG_ANALYZER_NONNULL = YES;
				CLANG_ANALYZER_NUMBER_OBJECT_CONVERSION = YES_AGGRESSIVE;
				CLANG_CXX_LANGUAGE_STANDARD = "gnu++0x";
				CLANG_CXX_LIBRARY = "libc++";
				CLANG_ENABLE_MODULES = YES;
				CLANG_ENABLE_OBJC_ARC = YES;
				CLANG_WARN_BOOL_CONVERSION = YES;
				CLANG_WARN_CONSTANT_CONVERSION = YES;
				CLANG_WARN_DIRECT_OBJC_ISA_USAGE = YES_ERROR;
				CLANG_WARN_DOCUMENTATION_COMMENTS = YES;
				CLANG_WARN_EMPTY_BODY = YES;
				CLANG_WARN_ENUM_CONVERSION = YES;
				CLANG_WARN_INFINITE_RECURSION = YES;
				CLANG_WARN_INT_CONVERSION = YES;
				CLANG_WARN_OBJC_ROOT_CLASS = YES_ERROR;
				CLANG_WARN_SUSPICIOUS_MOVE = YES;
				CLANG_WARN_UNREACHABLE_CODE = YES;
				CLANG_WARN__DUPLICATE_METHOD_MATCH = YES;
				"CODE_SIGN_IDENTITY[sdk=iphoneos*]" = "iPhone Developer";
				COPY_PHASE_STRIP = NO;
				DEBUG_INFORMATION_FORMAT = "dwarf-with-dsym";
				ENABLE_NS_ASSERTIONS = NO;
				ENABLE_STRICT_OBJC_MSGSEND = YES;
				GCC_C_LANGUAGE_STANDARD = gnu99;
				GCC_NO_COMMON_BLOCKS = YES;
				GCC_WARN_64_TO_32_BIT_CONVERSION = YES;
				GCC_WARN_ABOUT_RETURN_TYPE = YES_ERROR;
				GCC_WARN_UNDECLARED_SELECTOR = YES;
				GCC_WARN_UNINITIALIZED_AUTOS = YES_AGGRESSIVE;
				GCC_WARN_UNUSED_FUNCTION = YES;
				GCC_WARN_UNUSED_VARIABLE = YES;
				IPHONEOS_DEPLOYMENT_TARGET = 10.3;
				MTL_ENABLE_DEBUG_INFO = NO;
				SDKROOT = iphoneos;
				SWIFT_OPTIMIZATION_LEVEL = "-Owholemodule";
				VALIDATE_PRODUCT = YES;
			};
			name = Release;
		};
		932F439A1EDEA0B90027452F /* Debug */ = {
			isa = XCBuildConfiguration;
			baseConfigurationReference = 632DE71BBFF988EBDE01BDF1 /* Pods-Instagram.debug.xcconfig */;
			buildSettings = {
				ASSETCATALOG_COMPILER_APPICON_NAME = AppIcon;
				DEVELOPMENT_TEAM = JB6463FDRF;
				INFOPLIST_FILE = Instagram/Info.plist;
				IPHONEOS_DEPLOYMENT_TARGET = 9.3;
				LD_RUNPATH_SEARCH_PATHS = "$(inherited) @executable_path/Frameworks";
				PRODUCT_BUNDLE_IDENTIFIER = Lemondo.Instagram;
				PRODUCT_NAME = "$(TARGET_NAME)";
				SWIFT_VERSION = 3.0;
			};
			name = Debug;
		};
		932F439B1EDEA0B90027452F /* Release */ = {
			isa = XCBuildConfiguration;
			baseConfigurationReference = DD30D30E2C02A5B0188C630D /* Pods-Instagram.release.xcconfig */;
			buildSettings = {
				ASSETCATALOG_COMPILER_APPICON_NAME = AppIcon;
				DEVELOPMENT_TEAM = JB6463FDRF;
				INFOPLIST_FILE = Instagram/Info.plist;
				IPHONEOS_DEPLOYMENT_TARGET = 9.3;
				LD_RUNPATH_SEARCH_PATHS = "$(inherited) @executable_path/Frameworks";
				PRODUCT_BUNDLE_IDENTIFIER = Lemondo.Instagram;
				PRODUCT_NAME = "$(TARGET_NAME)";
				SWIFT_VERSION = 3.0;
			};
			name = Release;
		};
/* End XCBuildConfiguration section */

/* Begin XCConfigurationList section */
		932F43821EDEA0B90027452F /* Build configuration list for PBXProject "Instagram" */ = {
			isa = XCConfigurationList;
			buildConfigurations = (
				932F43971EDEA0B90027452F /* Debug */,
				932F43981EDEA0B90027452F /* Release */,
			);
			defaultConfigurationIsVisible = 0;
			defaultConfigurationName = Release;
		};
		932F43991EDEA0B90027452F /* Build configuration list for PBXNativeTarget "Instagram" */ = {
			isa = XCConfigurationList;
			buildConfigurations = (
				932F439A1EDEA0B90027452F /* Debug */,
				932F439B1EDEA0B90027452F /* Release */,
			);
			defaultConfigurationIsVisible = 0;
			defaultConfigurationName = Release;
		};
/* End XCConfigurationList section */
	};
	rootObject = 932F437F1EDEA0B90027452F /* Project object */;
}
